// !$*UTF8*$!
{
	archiveVersion = 1;
	classes = {
	};
	objectVersion = 46;
	objects = {

/* Begin PBXBuildFile section */
		2D0236621FA698F900B66DF2 /* threadpool.c in Sources */ = {isa = PBXBuildFile; fileRef = 2D0236601FA698F900B66DF2 /* threadpool.c */; };
		2DC7310F1FBA505200AD6778 /* httpServerWithSelect.c in Sources */ = {isa = PBXBuildFile; fileRef = 2D04ABE41FAE2582003245F3 /* httpServerWithSelect.c */; };
/* End PBXBuildFile section */

/* Begin PBXCopyFilesBuildPhase section */
		2D7AC79B1F6457F600C86917 /* CopyFiles */ = {
			isa = PBXCopyFilesBuildPhase;
			buildActionMask = 2147483647;
			dstPath = /usr/share/man/man1/;
			dstSubfolderSpec = 0;
			files = (
			);
			runOnlyForDeploymentPostprocessing = 1;
		};
/* End PBXCopyFilesBuildPhase section */

/* Begin PBXFileReference section */
		2D02365D1FA6980400B66DF2 /* serverWithThreadPool.c */ = {isa = PBXFileReference; lastKnownFileType = sourcecode.c.c; path = serverWithThreadPool.c; sourceTree = "<group>"; };
		2D02365E1FA6980400B66DF2 /* serverWithThreadPool.h */ = {isa = PBXFileReference; lastKnownFileType = sourcecode.c.h; path = serverWithThreadPool.h; sourceTree = "<group>"; };
		2D0236601FA698F900B66DF2 /* threadpool.c */ = {isa = PBXFileReference; fileEncoding = 4; lastKnownFileType = sourcecode.c.c; path = threadpool.c; sourceTree = "<group>"; };
		2D0236611FA698F900B66DF2 /* threadpool.h */ = {isa = PBXFileReference; fileEncoding = 4; lastKnownFileType = sourcecode.c.h; path = threadpool.h; sourceTree = "<group>"; };
		2D034B3E1FA813ED003F88C5 /* httpServer.c */ = {isa = PBXFileReference; lastKnownFileType = sourcecode.c.c; path = httpServer.c; sourceTree = "<group>"; };
		2D034B3F1FA813ED003F88C5 /* httpServer.h */ = {isa = PBXFileReference; lastKnownFileType = sourcecode.c.h; path = httpServer.h; sourceTree = "<group>"; };
		2D04ABE41FAE2582003245F3 /* httpServerWithSelect.c */ = {isa = PBXFileReference; lastKnownFileType = sourcecode.c.c; path = httpServerWithSelect.c; sourceTree = "<group>"; };
		2D04ABE51FAE2582003245F3 /* httpServerWithSelect.h */ = {isa = PBXFileReference; lastKnownFileType = sourcecode.c.h; path = httpServerWithSelect.h; sourceTree = "<group>"; };
		2D7AC79D1F6457F600C86917 /* WebServer */ = {isa = PBXFileReference; explicitFileType = "compiled.mach-o.executable"; includeInIndex = 0; path = WebServer; sourceTree = BUILT_PRODUCTS_DIR; };
		2D7AC7A81F645CB000C86917 /* server.c */ = {isa = PBXFileReference; fileEncoding = 4; lastKnownFileType = sourcecode.c.c; path = server.c; sourceTree = "<group>"; };
		2D7AC7A91F645CB000C86917 /* server.h */ = {isa = PBXFileReference; fileEncoding = 4; lastKnownFileType = sourcecode.c.h; path = server.h; sourceTree = "<group>"; };
		2DCE0DD41F79B1380028F8FC /* serverWithSelect.c */ = {isa = PBXFileReference; fileEncoding = 4; lastKnownFileType = sourcecode.c.c; path = serverWithSelect.c; sourceTree = "<group>"; };
		2DCE0DD51F79B1380028F8FC /* serverWithSelect.h */ = {isa = PBXFileReference; fileEncoding = 4; lastKnownFileType = sourcecode.c.h; path = serverWithSelect.h; sourceTree = "<group>"; };
/* End PBXFileReference section */

/* Begin PBXFrameworksBuildPhase section */
		2D7AC79A1F6457F600C86917 /* Frameworks */ = {
			isa = PBXFrameworksBuildPhase;
			buildActionMask = 2147483647;
			files = (
			);
			runOnlyForDeploymentPostprocessing = 0;
		};
/* End PBXFrameworksBuildPhase section */

/* Begin PBXGroup section */
		2D7AC7941F6457F600C86917 = {
			isa = PBXGroup;
			children = (
				2D7AC79F1F6457F600C86917 /* WebServer */,
				2D7AC79E1F6457F600C86917 /* Products */,
			);
			sourceTree = "<group>";
		};
		2D7AC79E1F6457F600C86917 /* Products */ = {
			isa = PBXGroup;
			children = (
				2D7AC79D1F6457F600C86917 /* WebServer */,
			);
			name = Products;
			sourceTree = "<group>";
		};
		2D7AC79F1F6457F600C86917 /* WebServer */ = {
			isa = PBXGroup;
			children = (
				2D7AC7A81F645CB000C86917 /* server.c */,
				2D7AC7A91F645CB000C86917 /* server.h */,
				2DCE0DD41F79B1380028F8FC /* serverWithSelect.c */,
				2DCE0DD51F79B1380028F8FC /* serverWithSelect.h */,
				2D0236601FA698F900B66DF2 /* threadpool.c */,
				2D0236611FA698F900B66DF2 /* threadpool.h */,
				2D02365D1FA6980400B66DF2 /* serverWithThreadPool.c */,
				2D02365E1FA6980400B66DF2 /* serverWithThreadPool.h */,
				2D034B3E1FA813ED003F88C5 /* httpServer.c */,
				2D034B3F1FA813ED003F88C5 /* httpServer.h */,
				2D04ABE41FAE2582003245F3 /* httpServerWithSelect.c */,
				2D04ABE51FAE2582003245F3 /* httpServerWithSelect.h */,
			);
			path = WebServer;
			sourceTree = "<group>";
		};
/* End PBXGroup section */

/* Begin PBXNativeTarget section */
		2D7AC79C1F6457F600C86917 /* WebServer */ = {
			isa = PBXNativeTarget;
			buildConfigurationList = 2D7AC7A41F6457F600C86917 /* Build configuration list for PBXNativeTarget "WebServer" */;
			buildPhases = (
				2D7AC7991F6457F600C86917 /* Sources */,
				2D7AC79A1F6457F600C86917 /* Frameworks */,
				2D7AC79B1F6457F600C86917 /* CopyFiles */,
			);
			buildRules = (
			);
			dependencies = (
			);
			name = WebServer;
			productName = WebServer;
			productReference = 2D7AC79D1F6457F600C86917 /* WebServer */;
			productType = "com.apple.product-type.tool";
		};
/* End PBXNativeTarget section */

/* Begin PBXProject section */
		2D7AC7951F6457F600C86917 /* Project object */ = {
			isa = PBXProject;
			attributes = {
				LastUpgradeCheck = 0830;
				ORGANIZATIONNAME = "Lucas Belfanti";
				TargetAttributes = {
					2D7AC79C1F6457F600C86917 = {
						CreatedOnToolsVersion = 8.3.3;
						ProvisioningStyle = Automatic;
					};
				};
			};
			buildConfigurationList = 2D7AC7981F6457F600C86917 /* Build configuration list for PBXProject "WebServer" */;
			compatibilityVersion = "Xcode 3.2";
			developmentRegion = English;
			hasScannedForEncodings = 0;
			knownRegions = (
				en,
			);
			mainGroup = 2D7AC7941F6457F600C86917;
			productRefGroup = 2D7AC79E1F6457F600C86917 /* Products */;
			projectDirPath = "";
			projectRoot = "";
			targets = (
				2D7AC79C1F6457F600C86917 /* WebServer */,
			);
		};
/* End PBXProject section */

/* Begin PBXSourcesBuildPhase section */
		2D7AC7991F6457F600C86917 /* Sources */ = {
			isa = PBXSourcesBuildPhase;
			buildActionMask = 2147483647;
			files = (
				2DC7310F1FBA505200AD6778 /* httpServerWithSelect.c in Sources */,
				2D0236621FA698F900B66DF2 /* threadpool.c in Sources */,
			);
			runOnlyForDeploymentPostprocessing = 0;
		};
/* End PBXSourcesBuildPhase section */

/* Begin XCBuildConfiguration section */
		2D7AC7A21F6457F600C86917 /* Debug */ = {
			isa = XCBuildConfiguration;
			buildSettings = {
				ALWAYS_SEARCH_USER_PATHS = NO;
				CLANG_ANALYZER_NONNULL = YES;
				CLANG_ANALYZER_NUMBER_OBJECT_CONVERSION = YES_AGGRESSIVE;
				CLANG_CXX_LANGUAGE_STANDARD = "gnu++0x";
				CLANG_CXX_LIBRARY = "libc++";
				CLANG_ENABLE_MODULES = YES;
				CLANG_ENABLE_OBJC_ARC = YES;
				CLANG_WARN_BOOL_CONVERSION = YES;
				CLANG_WARN_CONSTANT_CONVERSION = YES;
				CLANG_WARN_DIRECT_OBJC_ISA_USAGE = YES_ERROR;
				CLANG_WARN_DOCUMENTATION_COMMENTS = YES;
				CLANG_WARN_EMPTY_BODY = YES;
				CLANG_WARN_ENUM_CONVERSION = YES;
				CLANG_WARN_INFINITE_RECURSION = YES;
				CLANG_WARN_INT_CONVERSION = YES;
				CLANG_WARN_OBJC_ROOT_CLASS = YES_ERROR;
				CLANG_WARN_SUSPICIOUS_MOVE = YES;
				CLANG_WARN_UNREACHABLE_CODE = YES;
				CLANG_WARN__DUPLICATE_METHOD_MATCH = YES;
				CODE_SIGN_IDENTITY = "-";
				COPY_PHASE_STRIP = NO;
				DEBUG_INFORMATION_FORMAT = dwarf;
				ENABLE_STRICT_OBJC_MSGSEND = YES;
				ENABLE_TESTABILITY = YES;
				GCC_C_LANGUAGE_STANDARD = gnu99;
				GCC_DYNAMIC_NO_PIC = NO;
				GCC_NO_COMMON_BLOCKS = YES;
				GCC_OPTIMIZATION_LEVEL = 0;
				GCC_PREPROCESSOR_DEFINITIONS = (
					"DEBUG=1",
					"$(inherited)",
				);
				GCC_WARN_64_TO_32_BIT_CONVERSION = YES;
				GCC_WARN_ABOUT_RETURN_TYPE = YES_ERROR;
				GCC_WARN_UNDECLARED_SELECTOR = YES;
				GCC_WARN_UNINITIALIZED_AUTOS = YES_AGGRESSIVE;
				GCC_WARN_UNUSED_FUNCTION = YES;
				GCC_WARN_UNUSED_VARIABLE = YES;
				MACOSX_DEPLOYMENT_TARGET = 10.12;
				MTL_ENABLE_DEBUG_INFO = YES;
				ONLY_ACTIVE_ARCH = YES;
				SDKROOT = macosx;
			};
			name = Debug;
		};
		2D7AC7A31F6457F600C86917 /* Release */ = {
			isa = XCBuildConfiguration;
			buildSettings = {
				ALWAYS_SEARCH_USER_PATHS = NO;
				CLANG_ANALYZER_NONNULL = YES;
				CLANG_ANALYZER_NUMBER_OBJECT_CONVERSION = YES_AGGRESSIVE;
				CLANG_CXX_LANGUAGE_STANDARD = "gnu++0x";
				CLANG_CXX_LIBRARY = "libc++";
				CLANG_ENABLE_MODULES = YES;
				CLANG_ENABLE_OBJC_ARC = YES;
				CLANG_WARN_BOOL_CONVERSION = YES;
				CLANG_WARN_CONSTANT_CONVERSION = YES;
				CLANG_WARN_DIRECT_OBJC_ISA_USAGE = YES_ERROR;
				CLANG_WARN_DOCUMENTATION_COMMENTS = YES;
				CLANG_WARN_EMPTY_BODY = YES;
				CLANG_WARN_ENUM_CONVERSION = YES;
				CLANG_WARN_INFINITE_RECURSION = YES;
				CLANG_WARN_INT_CONVERSION = YES;
				CLANG_WARN_OBJC_ROOT_CLASS = YES_ERROR;
				CLANG_WARN_SUSPICIOUS_MOVE = YES;
				CLANG_WARN_UNREACHABLE_CODE = YES;
				CLANG_WARN__DUPLICATE_METHOD_MATCH = YES;
				CODE_SIGN_IDENTITY = "-";
				COPY_PHASE_STRIP = NO;
				DEBUG_INFORMATION_FORMAT = "dwarf-with-dsym";
				ENABLE_NS_ASSERTIONS = NO;
				ENABLE_STRICT_OBJC_MSGSEND = YES;
				GCC_C_LANGUAGE_STANDARD = gnu99;
				GCC_NO_COMMON_BLOCKS = YES;
				GCC_WARN_64_TO_32_BIT_CONVERSION = YES;
				GCC_WARN_ABOUT_RETURN_TYPE = YES_ERROR;
				GCC_WARN_UNDECLARED_SELECTOR = YES;
				GCC_WARN_UNINITIALIZED_AUTOS = YES_AGGRESSIVE;
				GCC_WARN_UNUSED_FUNCTION = YES;
				GCC_WARN_UNUSED_VARIABLE = YES;
				MACOSX_DEPLOYMENT_TARGET = 10.12;
				MTL_ENABLE_DEBUG_INFO = NO;
				SDKROOT = macosx;
			};
			name = Release;
		};
		2D7AC7A51F6457F600C86917 /* Debug */ = {
			isa = XCBuildConfiguration;
			buildSettings = {
				PRODUCT_NAME = "$(TARGET_NAME)";
			};
			name = Debug;
		};
		2D7AC7A61F6457F600C86917 /* Release */ = {
			isa = XCBuildConfiguration;
			buildSettings = {
				PRODUCT_NAME = "$(TARGET_NAME)";
			};
			name = Release;
		};
/* End XCBuildConfiguration section */

/* Begin XCConfigurationList section */
		2D7AC7981F6457F600C86917 /* Build configuration list for PBXProject "WebServer" */ = {
			isa = XCConfigurationList;
			buildConfigurations = (
				2D7AC7A21F6457F600C86917 /* Debug */,
				2D7AC7A31F6457F600C86917 /* Release */,
			);
			defaultConfigurationIsVisible = 0;
			defaultConfigurationName = Release;
		};
		2D7AC7A41F6457F600C86917 /* Build configuration list for PBXNativeTarget "WebServer" */ = {
			isa = XCConfigurationList;
			buildConfigurations = (
				2D7AC7A51F6457F600C86917 /* Debug */,
				2D7AC7A61F6457F600C86917 /* Release */,
			);
			defaultConfigurationIsVisible = 0;
			defaultConfigurationName = Release;
		};
/* End XCConfigurationList section */
	};
	rootObject = 2D7AC7951F6457F600C86917 /* Project object */;
}
