// !$*UTF8*$!
{
	archiveVersion = 1;
	classes = {
	};
	objectVersion = 46;
	objects = {

/* Begin PBXBuildFile section */
		2D034B3D1FA80E06003F88C5 /* httpClient.c in Sources */ = {isa = PBXBuildFile; fileRef = 2D034B3B1FA80E06003F88C5 /* httpClient.c */; };
/* End PBXBuildFile section */

/* Begin PBXCopyFilesBuildPhase section */
		2DA06A0C1F6743FB00E5DC44 /* CopyFiles */ = {
			isa = PBXCopyFilesBuildPhase;
			buildActionMask = 2147483647;
			dstPath = /usr/share/man/man1/;
			dstSubfolderSpec = 0;
			files = (
			);
			runOnlyForDeploymentPostprocessing = 1;
		};
/* End PBXCopyFilesBuildPhase section */

/* Begin PBXFileReference section */
		2D034B3B1FA80E06003F88C5 /* httpClient.c */ = {isa = PBXFileReference; lastKnownFileType = sourcecode.c.c; path = httpClient.c; sourceTree = "<group>"; };
		2D034B3C1FA80E06003F88C5 /* httpClient.h */ = {isa = PBXFileReference; lastKnownFileType = sourcecode.c.h; path = httpClient.h; sourceTree = "<group>"; };
		2DA06A0E1F6743FB00E5DC44 /* WebClient */ = {isa = PBXFileReference; explicitFileType = "compiled.mach-o.executable"; includeInIndex = 0; path = WebClient; sourceTree = BUILT_PRODUCTS_DIR; };
		2DA06A181F67448D00E5DC44 /* client.h */ = {isa = PBXFileReference; lastKnownFileType = sourcecode.c.h; path = client.h; sourceTree = "<group>"; };
		2DA06A191F6744A900E5DC44 /* client.c */ = {isa = PBXFileReference; fileEncoding = 4; lastKnownFileType = sourcecode.c.c; path = client.c; sourceTree = "<group>"; };
/* End PBXFileReference section */

/* Begin PBXFrameworksBuildPhase section */
		2DA06A0B1F6743FB00E5DC44 /* Frameworks */ = {
			isa = PBXFrameworksBuildPhase;
			buildActionMask = 2147483647;
			files = (
			);
			runOnlyForDeploymentPostprocessing = 0;
		};
/* End PBXFrameworksBuildPhase section */

/* Begin PBXGroup section */
		2DA06A051F6743FB00E5DC44 = {
			isa = PBXGroup;
			children = (
				2DA06A101F6743FB00E5DC44 /* WebClient */,
				2DA06A0F1F6743FB00E5DC44 /* Products */,
			);
			sourceTree = "<group>";
		};
		2DA06A0F1F6743FB00E5DC44 /* Products */ = {
			isa = PBXGroup;
			children = (
				2DA06A0E1F6743FB00E5DC44 /* WebClient */,
			);
			name = Products;
			sourceTree = "<group>";
		};
		2DA06A101F6743FB00E5DC44 /* WebClient */ = {
			isa = PBXGroup;
			children = (
				2DA06A181F67448D00E5DC44 /* client.h */,
				2DA06A191F6744A900E5DC44 /* client.c */,
				2D034B3C1FA80E06003F88C5 /* httpClient.h */,
				2D034B3B1FA80E06003F88C5 /* httpClient.c */,
			);
			path = WebClient;
			sourceTree = "<group>";
		};
/* End PBXGroup section */

/* Begin PBXNativeTarget section */
		2DA06A0D1F6743FB00E5DC44 /* WebClient */ = {
			isa = PBXNativeTarget;
			buildConfigurationList = 2DA06A151F6743FB00E5DC44 /* Build configuration list for PBXNativeTarget "WebClient" */;
			buildPhases = (
				2DA06A0A1F6743FB00E5DC44 /* Sources */,
				2DA06A0B1F6743FB00E5DC44 /* Frameworks */,
				2DA06A0C1F6743FB00E5DC44 /* CopyFiles */,
			);
			buildRules = (
			);
			dependencies = (
			);
			name = WebClient;
			productName = WebClient;
			productReference = 2DA06A0E1F6743FB00E5DC44 /* WebClient */;
			productType = "com.apple.product-type.tool";
		};
/* End PBXNativeTarget section */

/* Begin PBXProject section */
		2DA06A061F6743FB00E5DC44 /* Project object */ = {
			isa = PBXProject;
			attributes = {
				LastUpgradeCheck = 0900;
				ORGANIZATIONNAME = "Lucas Belfanti";
				TargetAttributes = {
					2DA06A0D1F6743FB00E5DC44 = {
						CreatedOnToolsVersion = 8.3.3;
						ProvisioningStyle = Automatic;
					};
				};
			};
			buildConfigurationList = 2DA06A091F6743FB00E5DC44 /* Build configuration list for PBXProject "WebClient" */;
			compatibilityVersion = "Xcode 3.2";
			developmentRegion = English;
			hasScannedForEncodings = 0;
			knownRegions = (
				en,
			);
			mainGroup = 2DA06A051F6743FB00E5DC44;
			productRefGroup = 2DA06A0F1F6743FB00E5DC44 /* Products */;
			projectDirPath = "";
			projectRoot = "";
			targets = (
				2DA06A0D1F6743FB00E5DC44 /* WebClient */,
			);
		};
/* End PBXProject section */

/* Begin PBXSourcesBuildPhase section */
		2DA06A0A1F6743FB00E5DC44 /* Sources */ = {
			isa = PBXSourcesBuildPhase;
			buildActionMask = 2147483647;
			files = (
				2D034B3D1FA80E06003F88C5 /* httpClient.c in Sources */,
			);
			runOnlyForDeploymentPostprocessing = 0;
		};
/* End PBXSourcesBuildPhase section */

/* Begin XCBuildConfiguration section */
		2DA06A131F6743FB00E5DC44 /* Debug */ = {
			isa = XCBuildConfiguration;
			buildSettings = {
				ALWAYS_SEARCH_USER_PATHS = NO;
				CLANG_ANALYZER_NONNULL = YES;
				CLANG_ANALYZER_NUMBER_OBJECT_CONVERSION = YES_AGGRESSIVE;
				CLANG_CXX_LANGUAGE_STANDARD = "gnu++0x";
				CLANG_CXX_LIBRARY = "libc++";
				CLANG_ENABLE_MODULES = YES;
				CLANG_ENABLE_OBJC_ARC = YES;
				CLANG_WARN_BLOCK_CAPTURE_AUTORELEASING = YES;
				CLANG_WARN_BOOL_CONVERSION = YES;
				CLANG_WARN_COMMA = YES;
				CLANG_WARN_CONSTANT_CONVERSION = YES;
				CLANG_WARN_DIRECT_OBJC_ISA_USAGE = YES_ERROR;
				CLANG_WARN_DOCUMENTATION_COMMENTS = YES;
				CLANG_WARN_EMPTY_BODY = YES;
				CLANG_WARN_ENUM_CONVERSION = YES;
				CLANG_WARN_INFINITE_RECURSION = YES;
				CLANG_WARN_INT_CONVERSION = YES;
				CLANG_WARN_NON_LITERAL_NULL_CONVERSION = YES;
				CLANG_WARN_OBJC_LITERAL_CONVERSION = YES;
				CLANG_WARN_OBJC_ROOT_CLASS = YES_ERROR;
				CLANG_WARN_RANGE_LOOP_ANALYSIS = YES;
				CLANG_WARN_STRICT_PROTOTYPES = YES;
				CLANG_WARN_SUSPICIOUS_MOVE = YES;
				CLANG_WARN_UNREACHABLE_CODE = YES;
				CLANG_WARN__DUPLICATE_METHOD_MATCH = YES;
				CODE_SIGN_IDENTITY = "-";
				COPY_PHASE_STRIP = NO;
				DEBUG_INFORMATION_FORMAT = dwarf;
				ENABLE_STRICT_OBJC_MSGSEND = YES;
				ENABLE_TESTABILITY = YES;
				GCC_C_LANGUAGE_STANDARD = gnu99;
				GCC_DYNAMIC_NO_PIC = NO;
				GCC_NO_COMMON_BLOCKS = YES;
				GCC_OPTIMIZATION_LEVEL = 0;
				GCC_PREPROCESSOR_DEFINITIONS = (
					"DEBUG=1",
					"$(inherited)",
				);
				GCC_WARN_64_TO_32_BIT_CONVERSION = YES;
				GCC_WARN_ABOUT_RETURN_TYPE = YES_ERROR;
				GCC_WARN_UNDECLARED_SELECTOR = YES;
				GCC_WARN_UNINITIALIZED_AUTOS = YES_AGGRESSIVE;
				GCC_WARN_UNUSED_FUNCTION = YES;
				GCC_WARN_UNUSED_VARIABLE = YES;
				MACOSX_DEPLOYMENT_TARGET = 10.12;
				MTL_ENABLE_DEBUG_INFO = YES;
				ONLY_ACTIVE_ARCH = YES;
				SDKROOT = macosx;
			};
			name = Debug;
		};
		2DA06A141F6743FB00E5DC44 /* Release */ = {
			isa = XCBuildConfiguration;
			buildSettings = {
				ALWAYS_SEARCH_USER_PATHS = NO;
				CLANG_ANALYZER_NONNULL = YES;
				CLANG_ANALYZER_NUMBER_OBJECT_CONVERSION = YES_AGGRESSIVE;
				CLANG_CXX_LANGUAGE_STANDARD = "gnu++0x";
				CLANG_CXX_LIBRARY = "libc++";
				CLANG_ENABLE_MODULES = YES;
				CLANG_ENABLE_OBJC_ARC = YES;
				CLANG_WARN_BLOCK_CAPTURE_AUTORELEASING = YES;
				CLANG_WARN_BOOL_CONVERSION = YES;
				CLANG_WARN_COMMA = YES;
				CLANG_WARN_CONSTANT_CONVERSION = YES;
				CLANG_WARN_DIRECT_OBJC_ISA_USAGE = YES_ERROR;
				CLANG_WARN_DOCUMENTATION_COMMENTS = YES;
				CLANG_WARN_EMPTY_BODY = YES;
				CLANG_WARN_ENUM_CONVERSION = YES;
				CLANG_WARN_INFINITE_RECURSION = YES;
				CLANG_WARN_INT_CONVERSION = YES;
				CLANG_WARN_NON_LITERAL_NULL_CONVERSION = YES;
				CLANG_WARN_OBJC_LITERAL_CONVERSION = YES;
				CLANG_WARN_OBJC_ROOT_CLASS = YES_ERROR;
				CLANG_WARN_RANGE_LOOP_ANALYSIS = YES;
				CLANG_WARN_STRICT_PROTOTYPES = YES;
				CLANG_WARN_SUSPICIOUS_MOVE = YES;
				CLANG_WARN_UNREACHABLE_CODE = YES;
				CLANG_WARN__DUPLICATE_METHOD_MATCH = YES;
				CODE_SIGN_IDENTITY = "-";
				COPY_PHASE_STRIP = NO;
				DEBUG_INFORMATION_FORMAT = "dwarf-with-dsym";
				ENABLE_NS_ASSERTIONS = NO;
				ENABLE_STRICT_OBJC_MSGSEND = YES;
				GCC_C_LANGUAGE_STANDARD = gnu99;
				GCC_NO_COMMON_BLOCKS = YES;
				GCC_WARN_64_TO_32_BIT_CONVERSION = YES;
				GCC_WARN_ABOUT_RETURN_TYPE = YES_ERROR;
				GCC_WARN_UNDECLARED_SELECTOR = YES;
				GCC_WARN_UNINITIALIZED_AUTOS = YES_AGGRESSIVE;
				GCC_WARN_UNUSED_FUNCTION = YES;
				GCC_WARN_UNUSED_VARIABLE = YES;
				MACOSX_DEPLOYMENT_TARGET = 10.12;
				MTL_ENABLE_DEBUG_INFO = NO;
				SDKROOT = macosx;
			};
			name = Release;
		};
		2DA06A161F6743FB00E5DC44 /* Debug */ = {
			isa = XCBuildConfiguration;
			buildSettings = {
				PRODUCT_NAME = "$(TARGET_NAME)";
			};
			name = Debug;
		};
		2DA06A171F6743FB00E5DC44 /* Release */ = {
			isa = XCBuildConfiguration;
			buildSettings = {
				PRODUCT_NAME = "$(TARGET_NAME)";
			};
			name = Release;
		};
/* End XCBuildConfiguration section */

/* Begin XCConfigurationList section */
		2DA06A091F6743FB00E5DC44 /* Build configuration list for PBXProject "WebClient" */ = {
			isa = XCConfigurationList;
			buildConfigurations = (
				2DA06A131F6743FB00E5DC44 /* Debug */,
				2DA06A141F6743FB00E5DC44 /* Release */,
			);
			defaultConfigurationIsVisible = 0;
			defaultConfigurationName = Release;
		};
		2DA06A151F6743FB00E5DC44 /* Build configuration list for PBXNativeTarget "WebClient" */ = {
			isa = XCConfigurationList;
			buildConfigurations = (
				2DA06A161F6743FB00E5DC44 /* Debug */,
				2DA06A171F6743FB00E5DC44 /* Release */,
			);
			defaultConfigurationIsVisible = 0;
			defaultConfigurationName = Release;
		};
/* End XCConfigurationList section */
	};
	rootObject = 2DA06A061F6743FB00E5DC44 /* Project object */;
}
